uuid: 4c3d499c-887b-4410-b7f2-af8467b87978
langcode: en
status: true
dependencies:
  content:
    - 'block_content:basic:9138b81b-138f-4089-9631-b5b2a53b86d5'
  module:
    - block_content
  theme:
    - mytheme
id: mytheme_testbasicblock
theme: mytheme
region: sidebar
weight: -8
provider: null
plugin: 'block_content:9138b81b-138f-4089-9631-b5b2a53b86d5'
settings:
  id: 'block_content:9138b81b-138f-4089-9631-b5b2a53b86d5'
  label: 'Test Basic Block'
  label_display: '0'
  provider: block_content
  status: true
  info: ''
  view_mode: full
visibility: {  }
